
Microsoft Visual Studio Solution File, Format Version 12.00
# Visual Studio Version 17
VisualStudioVersion = 17.14.36518.9 d17.14
MinimumVisualStudioVersion = 10.0.40219.1
Project("{FAE04EC0-301F-11D3-BF4B-00C04F79EFBC}") = "MunicipalityConnect", "MunicipalityConnect\MunicipalityConnect.csproj", "{CC3C5950-7E2D-4E53-96E0-B12140C8AC32}"
EndProject
Global
	GlobalSection(SolutionConfigurationPlatforms) = preSolution
		Debug|Any CPU = Debug|Any CPU
		Release|Any CPU = Release|Any CPU
	EndGlobalSection
	GlobalSection(ProjectConfigurationPlatforms) = postSolution
		{CC3C5950-7E2D-4E53-96E0-B12140C8AC32}.Debug|Any CPU.ActiveCfg = Debug|Any CPU
		{CC3C5950-7E2D-4E53-96E0-B12140C8AC32}.Debug|Any CPU.Build.0 = Debug|Any CPU
		{CC3C5950-7E2D-4E53-96E0-B12140C8AC32}.Release|Any CPU.ActiveCfg = Release|Any CPU
		{CC3C5950-7E2D-4E53-96E0-B12140C8AC32}.Release|Any CPU.Build.0 = Release|Any CPU
	EndGlobalSection
	GlobalSection(SolutionProperties) = preSolution
		HideSolutionNode = FALSE
	EndGlobalSection
	GlobalSection(ExtensibilityGlobals) = postSolution
		SolutionGuid = {DAAD1695-F566-48F9-B77E-844527C1BE9A}
	EndGlobalSection
EndGlobal
